// !$*UTF8*$!
{
	archiveVersion = 1;
	classes = {
	};
	objectVersion = 50;
	objects = {

/* Begin PBXBuildFile section */
		9203AD7C239CB9EA003DB4BC /* AppDelegate.swift in Sources */ = {isa = PBXBuildFile; fileRef = 9203AD7B239CB9EA003DB4BC /* AppDelegate.swift */; };
		9203AD7E239CB9EA003DB4BC /* SceneDelegate.swift in Sources */ = {isa = PBXBuildFile; fileRef = 9203AD7D239CB9EA003DB4BC /* SceneDelegate.swift */; };
		9203AD80239CB9EA003DB4BC /* ViewController.swift in Sources */ = {isa = PBXBuildFile; fileRef = 9203AD7F239CB9EA003DB4BC /* ViewController.swift */; };
		9203AD83239CB9EA003DB4BC /* Main.storyboard in Resources */ = {isa = PBXBuildFile; fileRef = 9203AD81239CB9EA003DB4BC /* Main.storyboard */; };
		9203AD85239CB9F5003DB4BC /* Assets.xcassets in Resources */ = {isa = PBXBuildFile; fileRef = 9203AD84239CB9F5003DB4BC /* Assets.xcassets */; };
		9203AD88239CB9F5003DB4BC /* LaunchScreen.storyboard in Resources */ = {isa = PBXBuildFile; fileRef = 9203AD86239CB9F5003DB4BC /* LaunchScreen.storyboard */; };
/* End PBXBuildFile section */

/* Begin PBXFileReference section */
		9203AD78239CB9EA003DB4BC /* kota.app */ = {isa = PBXFileReference; explicitFileType = wrapper.application; includeInIndex = 0; path = kota.app; sourceTree = BUILT_PRODUCTS_DIR; };
		9203AD7B239CB9EA003DB4BC /* AppDelegate.swift */ = {isa = PBXFileReference; lastKnownFileType = sourcecode.swift; path = AppDelegate.swift; sourceTree = "<group>"; };
		9203AD7D239CB9EA003DB4BC /* SceneDelegate.swift */ = {isa = PBXFileReference; lastKnownFileType = sourcecode.swift; path = SceneDelegate.swift; sourceTree = "<group>"; };
		9203AD7F239CB9EA003DB4BC /* ViewController.swift */ = {isa = PBXFileReference; lastKnownFileType = sourcecode.swift; path = ViewController.swift; sourceTree = "<group>"; };
		9203AD82239CB9EA003DB4BC /* Base */ = {isa = PBXFileReference; lastKnownFileType = file.storyboard; name = Base; path = Base.lproj/Main.storyboard; sourceTree = "<group>"; };
		9203AD84239CB9F5003DB4BC /* Assets.xcassets */ = {isa = PBXFileReference; lastKnownFileType = folder.assetcatalog; path = Assets.xcassets; sourceTree = "<group>"; };
		9203AD87239CB9F5003DB4BC /* Base */ = {isa = PBXFileReference; lastKnownFileType = file.storyboard; name = Base; path = Base.lproj/LaunchScreen.storyboard; sourceTree = "<group>"; };
		9203AD89239CB9F5003DB4BC /* Info.plist */ = {isa = PBXFileReference; lastKnownFileType = text.plist.xml; path = Info.plist; sourceTree = "<group>"; };
/* End PBXFileReference section */

/* Begin PBXFrameworksBuildPhase section */
		9203AD75239CB9EA003DB4BC /* Frameworks */ = {
			isa = PBXFrameworksBuildPhase;
			buildActionMask = 2147483647;
			files = (
			);
			runOnlyForDeploymentPostprocessing = 0;
		};
/* End PBXFrameworksBuildPhase section */

/* Begin PBXGroup section */
		9203AD6F239CB9EA003DB4BC = {
			isa = PBXGroup;
			children = (
				9203AD7A239CB9EA003DB4BC /* kota */,
				9203AD79239CB9EA003DB4BC /* Products */,
			);
			sourceTree = "<group>";
		};
		9203AD79239CB9EA003DB4BC /* Products */ = {
			isa = PBXGroup;
			children = (
				9203AD78239CB9EA003DB4BC /* kota.app */,
			);
			name = Products;
			sourceTree = "<group>";
		};
		9203AD7A239CB9EA003DB4BC /* kota */ = {
			isa = PBXGroup;
			children = (
				9203AD7B239CB9EA003DB4BC /* AppDelegate.swift */,
				9203AD7D239CB9EA003DB4BC /* SceneDelegate.swift */,
				9203AD7F239CB9EA003DB4BC /* ViewController.swift */,
				9203AD81239CB9EA003DB4BC /* Main.storyboard */,
				9203AD84239CB9F5003DB4BC /* Assets.xcassets */,
				9203AD86239CB9F5003DB4BC /* LaunchScreen.storyboard */,
				9203AD89239CB9F5003DB4BC /* Info.plist */,
			);
			path = kota;
			sourceTree = "<group>";
		};
/* End PBXGroup section */

/* Begin PBXNativeTarget section */
		9203AD77239CB9EA003DB4BC /* kota */ = {
			isa = PBXNativeTarget;
			buildConfigurationList = 9203AD8C239CB9F5003DB4BC /* Build configuration list for PBXNativeTarget "kota" */;
			buildPhases = (
				9203AD74239CB9EA003DB4BC /* Sources */,
				9203AD75239CB9EA003DB4BC /* Frameworks */,
				9203AD76239CB9EA003DB4BC /* Resources */,
			);
			buildRules = (
			);
			dependencies = (
			);
			name = kota;
			productName = kota;
			productReference = 9203AD78239CB9EA003DB4BC /* kota.app */;
			productType = "com.apple.product-type.application";
		};
/* End PBXNativeTarget section */

/* Begin PBXProject section */
		9203AD70239CB9EA003DB4BC /* Project object */ = {
			isa = PBXProject;
			attributes = {
				LastSwiftUpdateCheck = 1120;
				LastUpgradeCheck = 1120;
				ORGANIZATIONNAME = "Kim Yeon Jeong";
				TargetAttributes = {
					9203AD77239CB9EA003DB4BC = {
						CreatedOnToolsVersion = 11.2.1;
					};
				};
			};
			buildConfigurationList = 9203AD73239CB9EA003DB4BC /* Build configuration list for PBXProject "kota" */;
			compatibilityVersion = "Xcode 9.3";
			developmentRegion = en;
			hasScannedForEncodings = 0;
			knownRegions = (
				en,
				Base,
			);
			mainGroup = 9203AD6F239CB9EA003DB4BC;
			productRefGroup = 9203AD79239CB9EA003DB4BC /* Products */;
			projectDirPath = "";
			projectRoot = "";
			targets = (
				9203AD77239CB9EA003DB4BC /* kota */,
			);
		};
/* End PBXProject section */

/* Begin PBXResourcesBuildPhase section */
		9203AD76239CB9EA003DB4BC /* Resources */ = {
			isa = PBXResourcesBuildPhase;
			buildActionMask = 2147483647;
			files = (
				9203AD88239CB9F5003DB4BC /* LaunchScreen.storyboard in Resources */,
				9203AD85239CB9F5003DB4BC /* Assets.xcassets in Resources */,
				9203AD83239CB9EA003DB4BC /* Main.storyboard in Resources */,
			);
			runOnlyForDeploymentPostprocessing = 0;
		};
/* End PBXResourcesBuildPhase section */

/* Begin PBXSourcesBuildPhase section */
		9203AD74239CB9EA003DB4BC /* Sources */ = {
			isa = PBXSourcesBuildPhase;
			buildActionMask = 2147483647;
			files = (
				9203AD80239CB9EA003DB4BC /* ViewController.swift in Sources */,
				9203AD7C239CB9EA003DB4BC /* AppDelegate.swift in Sources */,
				9203AD7E239CB9EA003DB4BC /* SceneDelegate.swift in Sources */,
			);
			runOnlyForDeploymentPostprocessing = 0;
		};
/* End PBXSourcesBuildPhase section */

/* Begin PBXVariantGroup section */
		9203AD81239CB9EA003DB4BC /* Main.storyboard */ = {
			isa = PBXVariantGroup;
			children = (
				9203AD82239CB9EA003DB4BC /* Base */,
			);
			name = Main.storyboard;
			sourceTree = "<group>";
		};
		9203AD86239CB9F5003DB4BC /* LaunchScreen.storyboard */ = {
			isa = PBXVariantGroup;
			children = (
				9203AD87239CB9F5003DB4BC /* Base */,
			);
			name = LaunchScreen.storyboard;
			sourceTree = "<group>";
		};
/* End PBXVariantGroup section */

/* Begin XCBuildConfiguration section */
		9203AD8A239CB9F5003DB4BC /* Debug */ = {
			isa = XCBuildConfiguration;
			buildSettings = {
				ALWAYS_SEARCH_USER_PATHS = NO;
				CLANG_ANALYZER_NONNULL = YES;
				CLANG_ANALYZER_NUMBER_OBJECT_CONVERSION = YES_AGGRESSIVE;
				CLANG_CXX_LANGUAGE_STANDARD = "gnu++14";
				CLANG_CXX_LIBRARY = "libc++";
				CLANG_ENABLE_MODULES = YES;
				CLANG_ENABLE_OBJC_ARC = YES;
				CLANG_ENABLE_OBJC_WEAK = YES;
				CLANG_WARN_BLOCK_CAPTURE_AUTORELEASING = YES;
				CLANG_WARN_BOOL_CONVERSION = YES;
				CLANG_WARN_COMMA = YES;
				CLANG_WARN_CONSTANT_CONVERSION = YES;
				CLANG_WARN_DEPRECATED_OBJC_IMPLEMENTATIONS = YES;
				CLANG_WARN_DIRECT_OBJC_ISA_USAGE = YES_ERROR;
				CLANG_WARN_DOCUMENTATION_COMMENTS = YES;
				CLANG_WARN_EMPTY_BODY = YES;
				CLANG_WARN_ENUM_CONVERSION = YES;
				CLANG_WARN_INFINITE_RECURSION = YES;
				CLANG_WARN_INT_CONVERSION = YES;
				CLANG_WARN_NON_LITERAL_NULL_CONVERSION = YES;
				CLANG_WARN_OBJC_IMPLICIT_RETAIN_SELF = YES;
				CLANG_WARN_OBJC_LITERAL_CONVERSION = YES;
				CLANG_WARN_OBJC_ROOT_CLASS = YES_ERROR;
				CLANG_WARN_RANGE_LOOP_ANALYSIS = YES;
				CLANG_WARN_STRICT_PROTOTYPES = YES;
				CLANG_WARN_SUSPICIOUS_MOVE = YES;
				CLANG_WARN_UNGUARDED_AVAILABILITY = YES_AGGRESSIVE;
				CLANG_WARN_UNREACHABLE_CODE = YES;
				CLANG_WARN__DUPLICATE_METHOD_MATCH = YES;
				COPY_PHASE_STRIP = NO;
				DEBUG_INFORMATION_FORMAT = dwarf;
				ENABLE_STRICT_OBJC_MSGSEND = YES;
				ENABLE_TESTABILITY = YES;
				GCC_C_LANGUAGE_STANDARD = gnu11;
				GCC_DYNAMIC_NO_PIC = NO;
				GCC_NO_COMMON_BLOCKS = YES;
				GCC_OPTIMIZATION_LEVEL = 0;
				GCC_PREPROCESSOR_DEFINITIONS = (
					"DEBUG=1",
					"$(inherited)",
				);
				GCC_WARN_64_TO_32_BIT_CONVERSION = YES;
				GCC_WARN_ABOUT_RETURN_TYPE = YES_ERROR;
				GCC_WARN_UNDECLARED_SELECTOR = YES;
				GCC_WARN_UNINITIALIZED_AUTOS = YES_AGGRESSIVE;
				GCC_WARN_UNUSED_FUNCTION = YES;
				GCC_WARN_UNUSED_VARIABLE = YES;
				IPHONEOS_DEPLOYMENT_TARGET = 13.2;
				MTL_ENABLE_DEBUG_INFO = INCLUDE_SOURCE;
				MTL_FAST_MATH = YES;
				ONLY_ACTIVE_ARCH = YES;
				SDKROOT = iphoneos;
				SWIFT_ACTIVE_COMPILATION_CONDITIONS = DEBUG;
				SWIFT_OPTIMIZATION_LEVEL = "-Onone";
			};
			name = Debug;
		};
		9203AD8B239CB9F5003DB4BC /* Release */ = {
			isa = XCBuildConfiguration;
			buildSettings = {
				ALWAYS_SEARCH_USER_PATHS = NO;
				CLANG_ANALYZER_NONNULL = YES;
				CLANG_ANALYZER_NUMBER_OBJECT_CONVERSION = YES_AGGRESSIVE;
				CLANG_CXX_LANGUAGE_STANDARD = "gnu++14";
				CLANG_CXX_LIBRARY = "libc++";
				CLANG_ENABLE_MODULES = YES;
				CLANG_ENABLE_OBJC_ARC = YES;
				CLANG_ENABLE_OBJC_WEAK = YES;
				CLANG_WARN_BLOCK_CAPTURE_AUTORELEASING = YES;
				CLANG_WARN_BOOL_CONVERSION = YES;
				CLANG_WARN_COMMA = YES;
				CLANG_WARN_CONSTANT_CONVERSION = YES;
				CLANG_WARN_DEPRECATED_OBJC_IMPLEMENTATIONS = YES;
				CLANG_WARN_DIRECT_OBJC_ISA_USAGE = YES_ERROR;
				CLANG_WARN_DOCUMENTATION_COMMENTS = YES;
				CLANG_WARN_EMPTY_BODY = YES;
				CLANG_WARN_ENUM_CONVERSION = YES;
				CLANG_WARN_INFINITE_RECURSION = YES;
				CLANG_WARN_INT_CONVERSION = YES;
				CLANG_WARN_NON_LITERAL_NULL_CONVERSION = YES;
				CLANG_WARN_OBJC_IMPLICIT_RETAIN_SELF = YES;
				CLANG_WARN_OBJC_LITERAL_CONVERSION = YES;
				CLANG_WARN_OBJC_ROOT_CLASS = YES_ERROR;
				CLANG_WARN_RANGE_LOOP_ANALYSIS = YES;
				CLANG_WARN_STRICT_PROTOTYPES = YES;
				CLANG_WARN_SUSPICIOUS_MOVE = YES;
				CLANG_WARN_UNGUARDED_AVAILABILITY = YES_AGGRESSIVE;
				CLANG_WARN_UNREACHABLE_CODE = YES;
				CLANG_WARN__DUPLICATE_METHOD_MATCH = YES;
				COPY_PHASE_STRIP = NO;
				DEBUG_INFORMATION_FORMAT = "dwarf-with-dsym";
				ENABLE_NS_ASSERTIONS = NO;
				ENABLE_STRICT_OBJC_MSGSEND = YES;
				GCC_C_LANGUAGE_STANDARD = gnu11;
				GCC_NO_COMMON_BLOCKS = YES;
				GCC_WARN_64_TO_32_BIT_CONVERSION = YES;
				GCC_WARN_ABOUT_RETURN_TYPE = YES_ERROR;
				GCC_WARN_UNDECLARED_SELECTOR = YES;
				GCC_WARN_UNINITIALIZED_AUTOS = YES_AGGRESSIVE;
				GCC_WARN_UNUSED_FUNCTION = YES;
				GCC_WARN_UNUSED_VARIABLE = YES;
				IPHONEOS_DEPLOYMENT_TARGET = 13.2;
				MTL_ENABLE_DEBUG_INFO = NO;
				MTL_FAST_MATH = YES;
				SDKROOT = iphoneos;
				SWIFT_COMPILATION_MODE = wholemodule;
				SWIFT_OPTIMIZATION_LEVEL = "-O";
				VALIDATE_PRODUCT = YES;
			};
			name = Release;
		};
		9203AD8D239CB9F5003DB4BC /* Debug */ = {
			isa = XCBuildConfiguration;
			buildSettings = {
				ASSETCATALOG_COMPILER_APPICON_NAME = AppIcon;
				CODE_SIGN_STYLE = Automatic;
				DEVELOPMENT_TEAM = 8Z2W5ZDA6N;
				INFOPLIST_FILE = kota/Info.plist;
				LD_RUNPATH_SEARCH_PATHS = (
					"$(inherited)",
					"@executable_path/Frameworks",
				);
				PRODUCT_BUNDLE_IDENTIFIER = com.meibanfa.kota;
				PRODUCT_NAME = "$(TARGET_NAME)";
				SWIFT_VERSION = 5.0;
				TARGETED_DEVICE_FAMILY = "1,2";
			};
			name = Debug;
		};
		9203AD8E239CB9F5003DB4BC /* Release */ = {
			isa = XCBuildConfiguration;
			buildSettings = {
				ASSETCATALOG_COMPILER_APPICON_NAME = AppIcon;
				CODE_SIGN_STYLE = Automatic;
				DEVELOPMENT_TEAM = 8Z2W5ZDA6N;
				INFOPLIST_FILE = kota/Info.plist;
				LD_RUNPATH_SEARCH_PATHS = (
					"$(inherited)",
					"@executable_path/Frameworks",
				);
				PRODUCT_BUNDLE_IDENTIFIER = com.meibanfa.kota;
				PRODUCT_NAME = "$(TARGET_NAME)";
				SWIFT_VERSION = 5.0;
				TARGETED_DEVICE_FAMILY = "1,2";
			};
			name = Release;
		};
/* End XCBuildConfiguration section */

/* Begin XCConfigurationList section */
		9203AD73239CB9EA003DB4BC /* Build configuration list for PBXProject "kota" */ = {
			isa = XCConfigurationList;
			buildConfigurations = (
				9203AD8A239CB9F5003DB4BC /* Debug */,
				9203AD8B239CB9F5003DB4BC /* Release */,
			);
			defaultConfigurationIsVisible = 0;
			defaultConfigurationName = Release;
		};
		9203AD8C239CB9F5003DB4BC /* Build configuration list for PBXNativeTarget "kota" */ = {
			isa = XCConfigurationList;
			buildConfigurations = (
				9203AD8D239CB9F5003DB4BC /* Debug */,
				9203AD8E239CB9F5003DB4BC /* Release */,
			);
			defaultConfigurationIsVisible = 0;
			defaultConfigurationName = Release;
		};
/* End XCConfigurationList section */
	};
	rootObject = 9203AD70239CB9EA003DB4BC /* Project object */;
}
